
Microsoft Visual Studio Solution File, Format Version 12.00
# Visual Studio Version 17
VisualStudioVersion = 17.5.002.0
MinimumVisualStudioVersion = 10.0.40219.1
Project("{9A19103F-16F7-4668-BE54-9A1E7A4F7556}") = "NeuroVisionDP", "NeuroVisionDP.csproj", "{217B4DFC-B22F-45C6-BB48-0EB5226A7A39}"
EndProject
Global
	GlobalSection(SolutionConfigurationPlatforms) = preSolution
		Debug|Any CPU = Debug|Any CPU
		Release|Any CPU = Release|Any CPU
	EndGlobalSection
	GlobalSection(ProjectConfigurationPlatforms) = postSolution
		{217B4DFC-B22F-45C6-BB48-0EB5226A7A39}.Debug|Any CPU.ActiveCfg = Debug|Any CPU
		{217B4DFC-B22F-45C6-BB48-0EB5226A7A39}.Debug|Any CPU.Build.0 = Debug|Any CPU
		{217B4DFC-B22F-45C6-BB48-0EB5226A7A39}.Release|Any CPU.ActiveCfg = Release|Any CPU
		{217B4DFC-B22F-45C6-BB48-0EB5226A7A39}.Release|Any CPU.Build.0 = Release|Any CPU
	EndGlobalSection
	GlobalSection(SolutionProperties) = preSolution
		HideSolutionNode = FALSE
	EndGlobalSection
	GlobalSection(ExtensibilityGlobals) = postSolution
		SolutionGuid = {B40C9DF4-FFB0-4732-94E5-B403E987CC93}
	EndGlobalSection
EndGlobal
